{
  "name": "rovexp",
  "version": "0.1.0",
  "lockfileVersion": 3,
  "requires": true,
  "packages": {
    "": {
      "name": "rovexp",
      "version": "0.1.0",
      "dependencies": {
        "@supabase/ssr": "^0.10.2",
        "@supabase/supabase-js": "^2.104.1"
      },
      "devDependencies": {
        "prettier": "^3.6.2",
        "turbo": "^2.8.4",
        "typescript": "^5.9.3"
      }
    },
    "node_modules/@supabase/auth-js": {
      "version": "2.104.1",
      "resolved": "https://registry.npmjs.org/@supabase/auth-js/-/auth-js-2.104.1.tgz",
      "integrity": "sha512-pqFnDKekq1isqlqnzqzyJ3mzmho+o+FjfVTqhKY3PFlwj2anx3OPznO1kbo1ZEwD8zg1r4EAFf/7pplLyX0ocQ==",
      "license": "MIT",
      "dependencies": {
        "tslib": "2.8.1"
      },
      "engines": {
        "node": ">=20.0.0"
      }
    },
    "node_modules/@supabase/functions-js": {
      "version": "2.104.1",
      "resolved": "https://registry.npmjs.org/@supabase/functions-js/-/functions-js-2.104.1.tgz",
      "integrity": "sha512-JjAH4JN9rZzxh4plQnILPrQZXAG6ccoRS6z9hQAGmXpRSwJA+7CWbsDV2R82I8MROlGDsjqj1Ot/cWpTfdf6xg==",
      "license": "MIT",
      "dependencies": {
        "tslib": "2.8.1"
      },
      "engines": {
        "node": ">=20.0.0"
      }
    },
    "node_modules/@supabase/phoenix": {
      "version": "0.4.0",
      "resolved": "https://registry.npmjs.org/@supabase/phoenix/-/phoenix-0.4.0.tgz",
      "integrity": "sha512-RHSx8bHS02xwfHdAbX5Lpbo6PXbgyf7lTaXTlwtFDPwOIw64NnVRwFAXGojHhjtVYI+PEPNSWwkL90f4agN3bw==",
      "license": "MIT"
    },
    "node_modules/@supabase/postgrest-js": {
      "version": "2.104.1",
      "resolved": "https://registry.npmjs.org/@supabase/postgrest-js/-/postgrest-js-2.104.1.tgz",
      "integrity": "sha512-RqlLpvgXsjcc27fLyHNGm3zN0KDWXbkdTdaFtaEdX83RsTEqH7BAmshH7zoUMml5lL04naUeRjS3B81O6jZcJw==",
      "license": "MIT",
      "dependencies": {
        "tslib": "2.8.1"
      },
      "engines": {
        "node": ">=20.0.0"
      }
    },
    "node_modules/@supabase/realtime-js": {
      "version": "2.104.1",
      "resolved": "https://registry.npmjs.org/@supabase/realtime-js/-/realtime-js-2.104.1.tgz",
      "integrity": "sha512-dVJHhFB2ErBd0/2qE9G8CedCrGoAtBfL9Q4zbSMXO7b1Cpld916ljSiX21mURUqijPf1WoPQG4Bp/averUzk/g==",
      "license": "MIT",
      "dependencies": {
        "@supabase/phoenix": "^0.4.0",
        "@types/ws": "^8.18.1",
        "tslib": "2.8.1",
        "ws": "^8.18.2"
      },
      "engines": {
        "node": ">=20.0.0"
      }
    },
    "node_modules/@supabase/realtime-js/node_modules/ws": {
      "version": "8.20.0",
      "resolved": "https://registry.npmjs.org/ws/-/ws-8.20.0.tgz",
      "integrity": "sha512-sAt8BhgNbzCtgGbt2OxmpuryO63ZoDk/sqaB/znQm94T4fCEsy/yV+7CdC1kJhOU9lboAEU7R3kquuycDoibVA==",
      "license": "MIT",
      "engines": {
        "node": ">=10.0.0"
      },
      "peerDependencies": {
        "bufferutil": "^4.0.1",
        "utf-8-validate": ">=5.0.2"
      },
      "peerDependenciesMeta": {
        "bufferutil": {
          "optional": true
        },
        "utf-8-validate": {
          "optional": true
        }
      }
    },
    "node_modules/@supabase/ssr": {
      "version": "0.10.2",
      "resolved": "https://registry.npmjs.org/@supabase/ssr/-/ssr-0.10.2.tgz",
      "integrity": "sha512-JFbchN63CXLFHJRNT7udec4/RoD9PmXkSGko3QSO6vUuqGBtSzdmxR7FPfQNr7SuFd65I7Xv46q66ALjEN1cgQ==",
      "license": "MIT",
      "dependencies": {
        "cookie": "^1.0.2"
      },
      "peerDependencies": {
        "@supabase/supabase-js": "^2.102.1"
      }
    },
    "node_modules/@supabase/storage-js": {
      "version": "2.104.1",
      "resolved": "https://registry.npmjs.org/@supabase/storage-js/-/storage-js-2.104.1.tgz",
      "integrity": "sha512-2bQaLbkRshctkUVuqamwYZDEd+0cGSc9DY9sjh92DcA5hu1F/1AP8p6gxGr76sgdK9Ngi0rh+2Kdh+uC4hcnGA==",
      "license": "MIT",
      "dependencies": {
        "iceberg-js": "^0.8.1",
        "tslib": "2.8.1"
      },
      "engines": {
        "node": ">=20.0.0"
      }
    },
    "node_modules/@supabase/supabase-js": {
      "version": "2.104.1",
      "resolved": "https://registry.npmjs.org/@supabase/supabase-js/-/supabase-js-2.104.1.tgz",
      "integrity": "sha512-E0H/CtVmaGjiAy+ieZ5ZB/1EqxXcGdaFaAc23AE5zaYfz6NtCNDcmaEdoGPYMPFH5pE6drGG6e3ljPmkFoGVxQ==",
      "license": "MIT",
      "dependencies": {
        "@supabase/auth-js": "2.104.1",
        "@supabase/functions-js": "2.104.1",
        "@supabase/postgrest-js": "2.104.1",
        "@supabase/realtime-js": "2.104.1",
        "@supabase/storage-js": "2.104.1"
      },
      "engines": {
        "node": ">=20.0.0"
      }
    },
    "node_modules/@turbo/windows-64": {
      "version": "2.9.6",
      "cpu": [
        "x64"
      ],
      "dev": true,
      "license": "MIT",
      "optional": true,
      "os": [
        "win32"
      ]
    },
    "node_modules/@types/node": {
      "version": "20.19.39",
      "license": "MIT",
      "dependencies": {
        "undici-types": "~6.21.0"
      }
    },
    "node_modules/@types/ws": {
      "version": "8.18.1",
      "resolved": "https://registry.npmjs.org/@types/ws/-/ws-8.18.1.tgz",
      "integrity": "sha512-ThVF6DCVhA8kUGy+aazFQ4kXQ7E1Ty7A3ypFOe0IcJV8O/M511G99AW24irKrW56Wt44yG9+ij8FaqoBGkuBXg==",
      "license": "MIT",
      "dependencies": {
        "@types/node": "*"
      }
    },
    "node_modules/cookie": {
      "version": "1.1.1",
      "license": "MIT",
      "engines": {
        "node": ">=18"
      },
      "funding": {
        "type": "opencollective",
        "url": "https://opencollective.com/express"
      }
    },
    "node_modules/iceberg-js": {
      "version": "0.8.1",
      "resolved": "https://registry.npmjs.org/iceberg-js/-/iceberg-js-0.8.1.tgz",
      "integrity": "sha512-1dhVQZXhcHje7798IVM+xoo/1ZdVfzOMIc8/rgVSijRK38EDqOJoGula9N/8ZI5RD8QTxNQtK/Gozpr+qUqRRA==",
      "license": "MIT",
      "engines": {
        "node": ">=20.0.0"
      }
    },
    "node_modules/prettier": {
      "version": "3.8.3",
      "dev": true,
      "license": "MIT",
      "bin": {
        "prettier": "bin/prettier.cjs"
      },
      "engines": {
        "node": ">=14"
      },
      "funding": {
        "url": "https://github.com/prettier/prettier?sponsor=1"
      }
    },
    "node_modules/tslib": {
      "version": "2.8.1",
      "license": "0BSD"
    },
    "node_modules/turbo": {
      "version": "2.9.6",
      "dev": true,
      "license": "MIT",
      "bin": {
        "turbo": "bin/turbo"
      },
      "optionalDependencies": {
        "@turbo/darwin-64": "2.9.6",
        "@turbo/darwin-arm64": "2.9.6",
        "@turbo/linux-64": "2.9.6",
        "@turbo/linux-arm64": "2.9.6",
        "@turbo/windows-64": "2.9.6",
        "@turbo/windows-arm64": "2.9.6"
      }
    },
    "node_modules/typescript": {
      "version": "5.9.3",
      "dev": true,
      "license": "Apache-2.0",
      "bin": {
        "tsc": "bin/tsc",
        "tsserver": "bin/tsserver"
      },
      "engines": {
        "node": ">=14.17"
      }
    },
    "node_modules/undici-types": {
      "version": "6.21.0",
      "license": "MIT"
    }
  }
}
